
Microsoft Visual Studio Solution File, Format Version 12.00
# Visual Studio Version 16
VisualStudioVersion = 16.0.30907.101
MinimumVisualStudioVersion = 10.0.40219.1
Project("{FAE04EC0-301F-11D3-BF4B-00C04F79EFBC}") = "Homework1", "Homework1.csproj", "{5B52CF3F-2C54-4BA8-9E2D-C2D33E2F2C17}"
EndProject
Project("{FAE04EC0-301F-11D3-BF4B-00C04F79EFBC}") = "Hw1Exe2", "..\Hw1Exe2\Hw1Exe2.csproj", "{3FEB64D7-78F8-4456-85A0-C008EA00A71E}"
EndProject
Project("{FAE04EC0-301F-11D3-BF4B-00C04F79EFBC}") = "Hw1Exe3", "..\466 Homework\Hw1Exe3\Hw1Exe3.csproj", "{BC9BAA2F-955F-4FE9-98FE-A614EEF6FA1B}"
EndProject
Global
	GlobalSection(SolutionConfigurationPlatforms) = preSolution
		Debug|Any CPU = Debug|Any CPU
		Release|Any CPU = Release|Any CPU
	EndGlobalSection
	GlobalSection(ProjectConfigurationPlatforms) = postSolution
		{5B52CF3F-2C54-4BA8-9E2D-C2D33E2F2C17}.Debug|Any CPU.ActiveCfg = Debug|Any CPU
		{5B52CF3F-2C54-4BA8-9E2D-C2D33E2F2C17}.Debug|Any CPU.Build.0 = Debug|Any CPU
		{5B52CF3F-2C54-4BA8-9E2D-C2D33E2F2C17}.Release|Any CPU.ActiveCfg = Release|Any CPU
		{5B52CF3F-2C54-4BA8-9E2D-C2D33E2F2C17}.Release|Any CPU.Build.0 = Release|Any CPU
		{3FEB64D7-78F8-4456-85A0-C008EA00A71E}.Debug|Any CPU.ActiveCfg = Debug|Any CPU
		{3FEB64D7-78F8-4456-85A0-C008EA00A71E}.Debug|Any CPU.Build.0 = Debug|Any CPU
		{3FEB64D7-78F8-4456-85A0-C008EA00A71E}.Release|Any CPU.ActiveCfg = Release|Any CPU
		{3FEB64D7-78F8-4456-85A0-C008EA00A71E}.Release|Any CPU.Build.0 = Release|Any CPU
		{BC9BAA2F-955F-4FE9-98FE-A614EEF6FA1B}.Debug|Any CPU.ActiveCfg = Debug|Any CPU
		{BC9BAA2F-955F-4FE9-98FE-A614EEF6FA1B}.Debug|Any CPU.Build.0 = Debug|Any CPU
		{BC9BAA2F-955F-4FE9-98FE-A614EEF6FA1B}.Release|Any CPU.ActiveCfg = Release|Any CPU
		{BC9BAA2F-955F-4FE9-98FE-A614EEF6FA1B}.Release|Any CPU.Build.0 = Release|Any CPU
	EndGlobalSection
	GlobalSection(SolutionProperties) = preSolution
		HideSolutionNode = FALSE
	EndGlobalSection
	GlobalSection(ExtensibilityGlobals) = postSolution
		SolutionGuid = {8ECD5D16-5E2B-4CDE-9E19-662AA7D9955C}
	EndGlobalSection
EndGlobal
